
Microsoft Visual Studio Solution File, Format Version 12.00
# Visual Studio 2013
VisualStudioVersion = 12.0.31101.0
MinimumVisualStudioVersion = 10.0.40219.1
Project("{2150E333-8FDC-42A3-9474-1A3956D46DE8}") = ".nuget", ".nuget", "{3A2AB2C4-C72A-4A6E-87EE-A409E3E80239}"
	ProjectSection(SolutionItems) = preProject
		.nuget\NuGet.Config = .nuget\NuGet.Config
		.nuget\NuGet.exe = .nuget\NuGet.exe
		.nuget\NuGet.targets = .nuget\NuGet.targets
	EndProjectSection
EndProject
Project("{2150E333-8FDC-42A3-9474-1A3956D46DE8}") = "Source", "Source", "{2E95EF45-683A-4799-955E-58ACA3D04DFD}"
EndProject
Project("{FAE04EC0-301F-11D3-BF4B-00C04F79EFBC}") = "Topshelf.SimpleInjector", "Source\Topshelf.SimpleInjector\Topshelf.SimpleInjector.csproj", "{B4E07581-5FFF-404D-8BBE-6E0B19EF00B6}"
EndProject
Project("{FAE04EC0-301F-11D3-BF4B-00C04F79EFBC}") = "Topshelf.SimpleInjector.Quartz", "Source\Topshelf.SimpleInjector.Quartz\Topshelf.SimpleInjector.Quartz.csproj", "{2FA9135C-12AD-47CE-9A46-4B5BDC1E6032}"
EndProject
Project("{FAE04EC0-301F-11D3-BF4B-00C04F79EFBC}") = "Topshelf.SimpleInjector.QuickStart", "Source\Topshelf.SimpleInjector.QuickStart\Topshelf.SimpleInjector.QuickStart.csproj", "{45A14443-FB02-4D7C-9E67-73EC34601A33}"
EndProject
Project("{2150E333-8FDC-42A3-9474-1A3956D46DE8}") = "Tests", "Tests", "{2FFCA6A2-8F71-42A1-9EDC-4DA63A6B459E}"
EndProject
Project("{FAE04EC0-301F-11D3-BF4B-00C04F79EFBC}") = "Topshelf.SimpleInjector.Quartz.Test", "Tests\Topshelf.SimpleInjector.Quartz.Test\Topshelf.SimpleInjector.Quartz.Test.csproj", "{A4F95A48-ACAF-4DE6-98D9-120A49445CC1}"
EndProject
Project("{FAE04EC0-301F-11D3-BF4B-00C04F79EFBC}") = "Topshelf.SimpleInjector.Test", "Tests\Topshelf.SimpleInjector.Test\Topshelf.SimpleInjector.Test.csproj", "{00A7D968-2D5D-4CA4-9C3B-7DDD6DE20028}"
EndProject
Project("{2150E333-8FDC-42A3-9474-1A3956D46DE8}") = "Samples", "Samples", "{20BC121B-A376-4B49-9574-5E4FFDED3536}"
EndProject
Project("{FAE04EC0-301F-11D3-BF4B-00C04F79EFBC}") = "Topshelf.SimpleInjector.Quartz.Sample", "Samples\Topshelf.SimpleInjector.Quartz.Sample\Topshelf.SimpleInjector.Quartz.Sample.csproj", "{5F36F98C-096D-48CE-9338-907A51A8533C}"
EndProject
Project("{FAE04EC0-301F-11D3-BF4B-00C04F79EFBC}") = "Topshelf.SimpleInjector.Sample", "Samples\Topshelf.SimpleInjector.Sample\Topshelf.SimpleInjector.Sample.csproj", "{46543113-80D2-49E7-A73D-5982DD4309A6}"
EndProject
Project("{FAE04EC0-301F-11D3-BF4B-00C04F79EFBC}") = "Topshelf.SimpleInjector.QuartzAsService.Sample", "Samples\Topshelf.SimpleInjector.QuartzAsService.Sample\Topshelf.SimpleInjector.QuartzAsService.Sample.csproj", "{C2FB00D2-647B-4705-B974-F6D7F651AF21}"
EndProject
Project("{FAE04EC0-301F-11D3-BF4B-00C04F79EFBC}") = "Topshelf.FileSystemWatcher", "Source\Topshelf.FileSystemWatcher\Topshelf.FileSystemWatcher.csproj", "{36EAAFA9-825E-4F59-94FD-8A44E9A1374A}"
EndProject
Project("{FAE04EC0-301F-11D3-BF4B-00C04F79EFBC}") = "Topshelf.FileSystemWatcher.Sample", "Samples\Topshelf.FileSystemWatcher.Sample\Topshelf.FileSystemWatcher.Sample.csproj", "{84A32194-2A00-4BE2-8970-9461371C6E79}"
EndProject
Project("{FAE04EC0-301F-11D3-BF4B-00C04F79EFBC}") = "Topshelf.FileSystemWatcher.Test", "Tests\Topshelf.FileSystemWatcher.Test\Topshelf.FileSystemWatcher.Test.csproj", "{57A54600-5F61-4C3F-BAEC-FAF08F704163}"
EndProject
Project("{FAE04EC0-301F-11D3-BF4B-00C04F79EFBC}") = "Topshelf.SimpleInjector.Quartz.Decorators.Sample", "Samples\Topshelf.SimpleInjector.Quartz.Decorators.Sample\Topshelf.SimpleInjector.Quartz.Decorators.Sample.csproj", "{2874600E-8FC7-4988-A792-D9010B575BA4}"
EndProject
Global
	GlobalSection(SolutionConfigurationPlatforms) = preSolution
		Debug|Any CPU = Debug|Any CPU
		Release|Any CPU = Release|Any CPU
	EndGlobalSection
	GlobalSection(ProjectConfigurationPlatforms) = postSolution
		{B4E07581-5FFF-404D-8BBE-6E0B19EF00B6}.Debug|Any CPU.ActiveCfg = Debug|Any CPU
		{B4E07581-5FFF-404D-8BBE-6E0B19EF00B6}.Debug|Any CPU.Build.0 = Debug|Any CPU
		{B4E07581-5FFF-404D-8BBE-6E0B19EF00B6}.Release|Any CPU.ActiveCfg = Release|Any CPU
		{B4E07581-5FFF-404D-8BBE-6E0B19EF00B6}.Release|Any CPU.Build.0 = Release|Any CPU
		{2FA9135C-12AD-47CE-9A46-4B5BDC1E6032}.Debug|Any CPU.ActiveCfg = Debug|Any CPU
		{2FA9135C-12AD-47CE-9A46-4B5BDC1E6032}.Debug|Any CPU.Build.0 = Debug|Any CPU
		{2FA9135C-12AD-47CE-9A46-4B5BDC1E6032}.Release|Any CPU.ActiveCfg = Release|Any CPU
		{2FA9135C-12AD-47CE-9A46-4B5BDC1E6032}.Release|Any CPU.Build.0 = Release|Any CPU
		{45A14443-FB02-4D7C-9E67-73EC34601A33}.Debug|Any CPU.ActiveCfg = Debug|Any CPU
		{45A14443-FB02-4D7C-9E67-73EC34601A33}.Debug|Any CPU.Build.0 = Debug|Any CPU
		{45A14443-FB02-4D7C-9E67-73EC34601A33}.Release|Any CPU.ActiveCfg = Release|Any CPU
		{45A14443-FB02-4D7C-9E67-73EC34601A33}.Release|Any CPU.Build.0 = Release|Any CPU
		{A4F95A48-ACAF-4DE6-98D9-120A49445CC1}.Debug|Any CPU.ActiveCfg = Debug|Any CPU
		{A4F95A48-ACAF-4DE6-98D9-120A49445CC1}.Debug|Any CPU.Build.0 = Debug|Any CPU
		{A4F95A48-ACAF-4DE6-98D9-120A49445CC1}.Release|Any CPU.ActiveCfg = Release|Any CPU
		{A4F95A48-ACAF-4DE6-98D9-120A49445CC1}.Release|Any CPU.Build.0 = Release|Any CPU
		{00A7D968-2D5D-4CA4-9C3B-7DDD6DE20028}.Debug|Any CPU.ActiveCfg = Debug|Any CPU
		{00A7D968-2D5D-4CA4-9C3B-7DDD6DE20028}.Debug|Any CPU.Build.0 = Debug|Any CPU
		{00A7D968-2D5D-4CA4-9C3B-7DDD6DE20028}.Release|Any CPU.ActiveCfg = Release|Any CPU
		{00A7D968-2D5D-4CA4-9C3B-7DDD6DE20028}.Release|Any CPU.Build.0 = Release|Any CPU
		{5F36F98C-096D-48CE-9338-907A51A8533C}.Debug|Any CPU.ActiveCfg = Debug|Any CPU
		{5F36F98C-096D-48CE-9338-907A51A8533C}.Debug|Any CPU.Build.0 = Debug|Any CPU
		{5F36F98C-096D-48CE-9338-907A51A8533C}.Release|Any CPU.ActiveCfg = Release|Any CPU
		{5F36F98C-096D-48CE-9338-907A51A8533C}.Release|Any CPU.Build.0 = Release|Any CPU
		{46543113-80D2-49E7-A73D-5982DD4309A6}.Debug|Any CPU.ActiveCfg = Debug|Any CPU
		{46543113-80D2-49E7-A73D-5982DD4309A6}.Debug|Any CPU.Build.0 = Debug|Any CPU
		{46543113-80D2-49E7-A73D-5982DD4309A6}.Release|Any CPU.ActiveCfg = Release|Any CPU
		{46543113-80D2-49E7-A73D-5982DD4309A6}.Release|Any CPU.Build.0 = Release|Any CPU
		{C2FB00D2-647B-4705-B974-F6D7F651AF21}.Debug|Any CPU.ActiveCfg = Debug|Any CPU
		{C2FB00D2-647B-4705-B974-F6D7F651AF21}.Debug|Any CPU.Build.0 = Debug|Any CPU
		{C2FB00D2-647B-4705-B974-F6D7F651AF21}.Release|Any CPU.ActiveCfg = Release|Any CPU
		{C2FB00D2-647B-4705-B974-F6D7F651AF21}.Release|Any CPU.Build.0 = Release|Any CPU
		{36EAAFA9-825E-4F59-94FD-8A44E9A1374A}.Debug|Any CPU.ActiveCfg = Debug|Any CPU
		{36EAAFA9-825E-4F59-94FD-8A44E9A1374A}.Debug|Any CPU.Build.0 = Debug|Any CPU
		{36EAAFA9-825E-4F59-94FD-8A44E9A1374A}.Release|Any CPU.ActiveCfg = Release|Any CPU
		{36EAAFA9-825E-4F59-94FD-8A44E9A1374A}.Release|Any CPU.Build.0 = Release|Any CPU
		{84A32194-2A00-4BE2-8970-9461371C6E79}.Debug|Any CPU.ActiveCfg = Debug|Any CPU
		{84A32194-2A00-4BE2-8970-9461371C6E79}.Debug|Any CPU.Build.0 = Debug|Any CPU
		{84A32194-2A00-4BE2-8970-9461371C6E79}.Release|Any CPU.ActiveCfg = Release|Any CPU
		{84A32194-2A00-4BE2-8970-9461371C6E79}.Release|Any CPU.Build.0 = Release|Any CPU
		{57A54600-5F61-4C3F-BAEC-FAF08F704163}.Debug|Any CPU.ActiveCfg = Debug|Any CPU
		{57A54600-5F61-4C3F-BAEC-FAF08F704163}.Debug|Any CPU.Build.0 = Debug|Any CPU
		{57A54600-5F61-4C3F-BAEC-FAF08F704163}.Release|Any CPU.ActiveCfg = Release|Any CPU
		{57A54600-5F61-4C3F-BAEC-FAF08F704163}.Release|Any CPU.Build.0 = Release|Any CPU
		{2874600E-8FC7-4988-A792-D9010B575BA4}.Debug|Any CPU.ActiveCfg = Debug|Any CPU
		{2874600E-8FC7-4988-A792-D9010B575BA4}.Debug|Any CPU.Build.0 = Debug|Any CPU
		{2874600E-8FC7-4988-A792-D9010B575BA4}.Release|Any CPU.ActiveCfg = Release|Any CPU
		{2874600E-8FC7-4988-A792-D9010B575BA4}.Release|Any CPU.Build.0 = Release|Any CPU
	EndGlobalSection
	GlobalSection(SolutionProperties) = preSolution
		HideSolutionNode = FALSE
	EndGlobalSection
	GlobalSection(NestedProjects) = preSolution
		{B4E07581-5FFF-404D-8BBE-6E0B19EF00B6} = {2E95EF45-683A-4799-955E-58ACA3D04DFD}
		{2FA9135C-12AD-47CE-9A46-4B5BDC1E6032} = {2E95EF45-683A-4799-955E-58ACA3D04DFD}
		{45A14443-FB02-4D7C-9E67-73EC34601A33} = {2E95EF45-683A-4799-955E-58ACA3D04DFD}
		{A4F95A48-ACAF-4DE6-98D9-120A49445CC1} = {2FFCA6A2-8F71-42A1-9EDC-4DA63A6B459E}
		{00A7D968-2D5D-4CA4-9C3B-7DDD6DE20028} = {2FFCA6A2-8F71-42A1-9EDC-4DA63A6B459E}
		{5F36F98C-096D-48CE-9338-907A51A8533C} = {20BC121B-A376-4B49-9574-5E4FFDED3536}
		{46543113-80D2-49E7-A73D-5982DD4309A6} = {20BC121B-A376-4B49-9574-5E4FFDED3536}
		{C2FB00D2-647B-4705-B974-F6D7F651AF21} = {20BC121B-A376-4B49-9574-5E4FFDED3536}
		{36EAAFA9-825E-4F59-94FD-8A44E9A1374A} = {2E95EF45-683A-4799-955E-58ACA3D04DFD}
		{84A32194-2A00-4BE2-8970-9461371C6E79} = {20BC121B-A376-4B49-9574-5E4FFDED3536}
		{57A54600-5F61-4C3F-BAEC-FAF08F704163} = {2FFCA6A2-8F71-42A1-9EDC-4DA63A6B459E}
		{2874600E-8FC7-4988-A792-D9010B575BA4} = {20BC121B-A376-4B49-9574-5E4FFDED3536}
	EndGlobalSection
EndGlobal
